
Microsoft Visual Studio Solution File, Format Version 12.00
# Visual Studio Version 17
VisualStudioVersion = 17.11.35312.102
MinimumVisualStudioVersion = 10.0.40219.1
Project("{FAE04EC0-301F-11D3-BF4B-00C04F79EFBC}") = "ParkNDeploy.Api", "ParkNDeploy.Api\ParkNDeploy.Api.csproj", "{20032B6D-23C2-4CE2-A4F7-0D1E8C477FBD}"
EndProject
Global
	GlobalSection(SolutionConfigurationPlatforms) = preSolution
		Debug|Any CPU = Debug|Any CPU
		Release|Any CPU = Release|Any CPU
	EndGlobalSection
	GlobalSection(ProjectConfigurationPlatforms) = postSolution
		{20032B6D-23C2-4CE2-A4F7-0D1E8C477FBD}.Debug|Any CPU.ActiveCfg = Debug|Any CPU
		{20032B6D-23C2-4CE2-A4F7-0D1E8C477FBD}.Debug|Any CPU.Build.0 = Debug|Any CPU
		{20032B6D-23C2-4CE2-A4F7-0D1E8C477FBD}.Release|Any CPU.ActiveCfg = Release|Any CPU
		{20032B6D-23C2-4CE2-A4F7-0D1E8C477FBD}.Release|Any CPU.Build.0 = Release|Any CPU
	EndGlobalSection
	GlobalSection(SolutionProperties) = preSolution
		HideSolutionNode = FALSE
	EndGlobalSection
	GlobalSection(ExtensibilityGlobals) = postSolution
		SolutionGuid = {456BA43D-278C-4316-ADEC-FD2A2C8C5A75}
	EndGlobalSection
EndGlobal
